
Microsoft Visual Studio Solution File, Format Version 12.00
# Visual Studio 15
VisualStudioVersion = 15.0.26730.12
MinimumVisualStudioVersion = 10.0.40219.1
Project("{FAE04EC0-301F-11D3-BF4B-00C04F79EFBC}") = "Parliament.Data.Orchestration.CoordinateTransformation", "Parliament.Data.Orchestration.CoordinateTransformation\Parliament.Data.Orchestration.CoordinateTransformation.csproj", "{13762069-5139-49DD-BE83-8BBB73DCA68C}"
EndProject
Global
	GlobalSection(SolutionConfigurationPlatforms) = preSolution
		Debug|Any CPU = Debug|Any CPU
		Release|Any CPU = Release|Any CPU
	EndGlobalSection
	GlobalSection(ProjectConfigurationPlatforms) = postSolution
		{13762069-5139-49DD-BE83-8BBB73DCA68C}.Debug|Any CPU.ActiveCfg = Debug|Any CPU
		{13762069-5139-49DD-BE83-8BBB73DCA68C}.Debug|Any CPU.Build.0 = Debug|Any CPU
		{13762069-5139-49DD-BE83-8BBB73DCA68C}.Release|Any CPU.ActiveCfg = Release|Any CPU
		{13762069-5139-49DD-BE83-8BBB73DCA68C}.Release|Any CPU.Build.0 = Release|Any CPU
	EndGlobalSection
	GlobalSection(SolutionProperties) = preSolution
		HideSolutionNode = FALSE
	EndGlobalSection
	GlobalSection(ExtensibilityGlobals) = postSolution
		SolutionGuid = {5F47FB9C-0AE1-4A72-A509-FD052ABA5AAE}
	EndGlobalSection
EndGlobal
